{
    "name": "config_gen",
    "lockfileVersion": 2,
    "requires": true,
    "packages": {
        "": {
            "devDependencies": {
                "@types/node": "^16.11.26",
                "ts-node": "^10.2.0",
                "tslib": "^2.3.1",
                "typescript": "^4.3.5"
            }
        },
        "node_modules/@cspotcode/source-map-consumer": {
            "version": "0.8.0",
            "resolved": "https://registry.nlark.com/@cspotcode/source-map-consumer/download/@cspotcode/source-map-consumer-0.8.0.tgz?cache=0&sync_timestamp=1628465044726&other_urls=https%3A%2F%2Fregistry.nlark.com%2F%40cspotcode%2Fsource-map-consumer%2Fdownload%2F%40cspotcode%2Fsource-map-consumer-0.8.0.tgz",
            "integrity": "sha1-M79LeznBeIIWBvZpu8RHpqYpeGs=",
            "dev": true,
            "engines": {
                "node": ">= 12"
            }
        },
        "node_modules/@cspotcode/source-map-support": {
            "version": "0.6.1",
            "resolved": "https://registry.nlark.com/@cspotcode/source-map-support/download/@cspotcode/source-map-support-0.6.1.tgz?cache=0&sync_timestamp=1628465040948&other_urls=https%3A%2F%2Fregistry.nlark.com%2F%40cspotcode%2Fsource-map-support%2Fdownload%2F%40cspotcode%2Fsource-map-support-0.6.1.tgz",
            "integrity": "sha1-EYUR8xbi6H7kKUdhho4lTT2keWA=",
            "dev": true,
            "dependencies": {
                "@cspotcode/source-map-consumer": "0.8.0"
            },
            "engines": {
                "node": ">=12"
            }
        },
        "node_modules/@tsconfig/node10": {
            "version": "1.0.8",
            "resolved": "https://registry.nlark.com/@tsconfig/node10/download/@tsconfig/node10-1.0.8.tgz",
            "integrity": "sha1-weToDW+WT77LM1nEO9SLQPfK2tk=",
            "dev": true
        },
        "node_modules/@tsconfig/node12": {
            "version": "1.0.9",
            "resolved": "https://registry.nlark.com/@tsconfig/node12/download/@tsconfig/node12-1.0.9.tgz",
            "integrity": "sha1-YsH23uLr2a6tgNw6+laBDljhoEw=",
            "dev": true
        },
        "node_modules/@tsconfig/node14": {
            "version": "1.0.1",
            "resolved": "https://registry.nlark.com/@tsconfig/node14/download/@tsconfig/node14-1.0.1.tgz",
            "integrity": "sha1-lfLRZ/+5uNIGiwsjUwL6/U33EfI=",
            "dev": true
        },
        "node_modules/@tsconfig/node16": {
            "version": "1.0.2",
            "resolved": "https://registry.nlark.com/@tsconfig/node16/download/@tsconfig/node16-1.0.2.tgz",
            "integrity": "sha1-Qjx3h30Fadsg4fyAiFrEEYMUAQ4=",
            "dev": true
        },
        "node_modules/@types/node": {
            "version": "16.11.26",
            "resolved": "https://registry.npmmirror.com/@types/node/-/node-16.11.26.tgz",
            "integrity": "sha512-GZ7bu5A6+4DtG7q9GsoHXy3ALcgeIHP4NnL0Vv2wu0uUB/yQex26v0tf6/na1mm0+bS9Uw+0DFex7aaKr2qawQ==",
            "dev": true
        },
        "node_modules/acorn": {
            "version": "8.4.1",
            "resolved": "https://registry.nlark.com/acorn/download/acorn-8.4.1.tgz",
            "integrity": "sha1-VsNiUfx8q8cJatwY8Fr+gUMhoow=",
            "dev": true,
            "bin": {
                "acorn": "bin/acorn"
            },
            "engines": {
                "node": ">=0.4.0"
            }
        },
        "node_modules/acorn-walk": {
            "version": "8.1.1",
            "resolved": "https://registry.nlark.com/acorn-walk/download/acorn-walk-8.1.1.tgz",
            "integrity": "sha1-Pdq3+E5KfiMT9sQUxbfayF9OPrw=",
            "dev": true,
            "engines": {
                "node": ">=0.4.0"
            }
        },
        "node_modules/arg": {
            "version": "4.1.3",
            "resolved": "https://registry.npm.taobao.org/arg/download/arg-4.1.3.tgz",
            "integrity": "sha1-Jp/HrVuOQstjyJbVZmAXJhwUQIk=",
            "dev": true
        },
        "node_modules/create-require": {
            "version": "1.1.1",
            "resolved": "https://registry.npm.taobao.org/create-require/download/create-require-1.1.1.tgz",
            "integrity": "sha1-wdfo8eX2z8n/ZfnNNS03NIdWwzM=",
            "dev": true
        },
        "node_modules/diff": {
            "version": "4.0.2",
            "resolved": "https://registry.npm.taobao.org/diff/download/diff-4.0.2.tgz",
            "integrity": "sha1-YPOuy4nV+uUgwRqhnvwruYKq3n0=",
            "dev": true,
            "engines": {
                "node": ">=0.3.1"
            }
        },
        "node_modules/make-error": {
            "version": "1.3.6",
            "resolved": "https://registry.npm.taobao.org/make-error/download/make-error-1.3.6.tgz?cache=0&sync_timestamp=1582105487630&other_urls=https%3A%2F%2Fregistry.npm.taobao.org%2Fmake-error%2Fdownload%2Fmake-error-1.3.6.tgz",
            "integrity": "sha1-LrLjfqm2fEiR9oShOUeZr0hM96I=",
            "dev": true
        },
        "node_modules/ts-node": {
            "version": "10.2.0",
            "resolved": "https://registry.nlark.com/ts-node/download/ts-node-10.2.0.tgz?cache=0&sync_timestamp=1628464846072&other_urls=https%3A%2F%2Fregistry.nlark.com%2Fts-node%2Fdownload%2Fts-node-10.2.0.tgz",
            "integrity": "sha1-8eiCSaAOJqqV6ak8UPcCQaihxLs=",
            "dev": true,
            "dependencies": {
                "@cspotcode/source-map-support": "0.6.1",
                "@tsconfig/node10": "^1.0.7",
                "@tsconfig/node12": "^1.0.7",
                "@tsconfig/node14": "^1.0.0",
                "@tsconfig/node16": "^1.0.2",
                "acorn": "^8.4.1",
                "acorn-walk": "^8.1.1",
                "arg": "^4.1.0",
                "create-require": "^1.1.0",
                "diff": "^4.0.1",
                "make-error": "^1.1.1",
                "yn": "3.1.1"
            },
            "bin": {
                "ts-node": "dist/bin.js",
                "ts-node-cwd": "dist/bin-cwd.js",
                "ts-node-script": "dist/bin-script.js",
                "ts-node-transpile-only": "dist/bin-transpile.js",
                "ts-script": "dist/bin-script-deprecated.js"
            },
            "engines": {
                "node": ">=12.0.0"
            },
            "peerDependencies": {
                "@swc/core": ">=1.2.50",
                "@swc/wasm": ">=1.2.50",
                "@types/node": "*",
                "typescript": ">=2.7"
            },
            "peerDependenciesMeta": {
                "@swc/core": {
                    "optional": true
                },
                "@swc/wasm": {
                    "optional": true
                }
            }
        },
        "node_modules/tslib": {
            "version": "2.3.1",
            "resolved": "https://registry.nlark.com/tslib/download/tslib-2.3.1.tgz",
            "integrity": "sha1-6KM1rdXOrlGqJh0ypJAVjvBC7wE=",
            "dev": true
        },
        "node_modules/typescript": {
            "version": "4.3.5",
            "resolved": "https://registry.nlark.com/typescript/download/typescript-4.3.5.tgz",
            "integrity": "sha1-TRw3zBbok5c8RaBohrcRMjTxGfQ=",
            "dev": true,
            "bin": {
                "tsc": "bin/tsc",
                "tsserver": "bin/tsserver"
            },
            "engines": {
                "node": ">=4.2.0"
            }
        },
        "node_modules/yn": {
            "version": "3.1.1",
            "resolved": "https://registry.npm.taobao.org/yn/download/yn-3.1.1.tgz?cache=0&other_urls=https%3A%2F%2Fregistry.npm.taobao.org%2Fyn%2Fdownload%2Fyn-3.1.1.tgz",
            "integrity": "sha1-HodAGgnXZ8HV6rJqbkwYUYLS61A=",
            "dev": true,
            "engines": {
                "node": ">=6"
            }
        }
    },
    "dependencies": {
        "@cspotcode/source-map-consumer": {
            "version": "0.8.0",
            "resolved": "https://registry.nlark.com/@cspotcode/source-map-consumer/download/@cspotcode/source-map-consumer-0.8.0.tgz?cache=0&sync_timestamp=1628465044726&other_urls=https%3A%2F%2Fregistry.nlark.com%2F%40cspotcode%2Fsource-map-consumer%2Fdownload%2F%40cspotcode%2Fsource-map-consumer-0.8.0.tgz",
            "integrity": "sha1-M79LeznBeIIWBvZpu8RHpqYpeGs=",
            "dev": true
        },
        "@cspotcode/source-map-support": {
            "version": "0.6.1",
            "resolved": "https://registry.nlark.com/@cspotcode/source-map-support/download/@cspotcode/source-map-support-0.6.1.tgz?cache=0&sync_timestamp=1628465040948&other_urls=https%3A%2F%2Fregistry.nlark.com%2F%40cspotcode%2Fsource-map-support%2Fdownload%2F%40cspotcode%2Fsource-map-support-0.6.1.tgz",
            "integrity": "sha1-EYUR8xbi6H7kKUdhho4lTT2keWA=",
            "dev": true,
            "requires": {
                "@cspotcode/source-map-consumer": "0.8.0"
            }
        },
        "@tsconfig/node10": {
            "version": "1.0.8",
            "resolved": "https://registry.nlark.com/@tsconfig/node10/download/@tsconfig/node10-1.0.8.tgz",
            "integrity": "sha1-weToDW+WT77LM1nEO9SLQPfK2tk=",
            "dev": true
        },
        "@tsconfig/node12": {
            "version": "1.0.9",
            "resolved": "https://registry.nlark.com/@tsconfig/node12/download/@tsconfig/node12-1.0.9.tgz",
            "integrity": "sha1-YsH23uLr2a6tgNw6+laBDljhoEw=",
            "dev": true
        },
        "@tsconfig/node14": {
            "version": "1.0.1",
            "resolved": "https://registry.nlark.com/@tsconfig/node14/download/@tsconfig/node14-1.0.1.tgz",
            "integrity": "sha1-lfLRZ/+5uNIGiwsjUwL6/U33EfI=",
            "dev": true
        },
        "@tsconfig/node16": {
            "version": "1.0.2",
            "resolved": "https://registry.nlark.com/@tsconfig/node16/download/@tsconfig/node16-1.0.2.tgz",
            "integrity": "sha1-Qjx3h30Fadsg4fyAiFrEEYMUAQ4=",
            "dev": true
        },
        "@types/node": {
            "version": "16.11.26",
            "resolved": "https://registry.npmmirror.com/@types/node/-/node-16.11.26.tgz",
            "integrity": "sha512-GZ7bu5A6+4DtG7q9GsoHXy3ALcgeIHP4NnL0Vv2wu0uUB/yQex26v0tf6/na1mm0+bS9Uw+0DFex7aaKr2qawQ==",
            "dev": true
        },
        "acorn": {
            "version": "8.4.1",
            "resolved": "https://registry.nlark.com/acorn/download/acorn-8.4.1.tgz",
            "integrity": "sha1-VsNiUfx8q8cJatwY8Fr+gUMhoow=",
            "dev": true
        },
        "acorn-walk": {
            "version": "8.1.1",
            "resolved": "https://registry.nlark.com/acorn-walk/download/acorn-walk-8.1.1.tgz",
            "integrity": "sha1-Pdq3+E5KfiMT9sQUxbfayF9OPrw=",
            "dev": true
        },
        "arg": {
            "version": "4.1.3",
            "resolved": "https://registry.npm.taobao.org/arg/download/arg-4.1.3.tgz",
            "integrity": "sha1-Jp/HrVuOQstjyJbVZmAXJhwUQIk=",
            "dev": true
        },
        "create-require": {
            "version": "1.1.1",
            "resolved": "https://registry.npm.taobao.org/create-require/download/create-require-1.1.1.tgz",
            "integrity": "sha1-wdfo8eX2z8n/ZfnNNS03NIdWwzM=",
            "dev": true
        },
        "diff": {
            "version": "4.0.2",
            "resolved": "https://registry.npm.taobao.org/diff/download/diff-4.0.2.tgz",
            "integrity": "sha1-YPOuy4nV+uUgwRqhnvwruYKq3n0=",
            "dev": true
        },
        "make-error": {
            "version": "1.3.6",
            "resolved": "https://registry.npm.taobao.org/make-error/download/make-error-1.3.6.tgz?cache=0&sync_timestamp=1582105487630&other_urls=https%3A%2F%2Fregistry.npm.taobao.org%2Fmake-error%2Fdownload%2Fmake-error-1.3.6.tgz",
            "integrity": "sha1-LrLjfqm2fEiR9oShOUeZr0hM96I=",
            "dev": true
        },
        "ts-node": {
            "version": "10.2.0",
            "resolved": "https://registry.nlark.com/ts-node/download/ts-node-10.2.0.tgz?cache=0&sync_timestamp=1628464846072&other_urls=https%3A%2F%2Fregistry.nlark.com%2Fts-node%2Fdownload%2Fts-node-10.2.0.tgz",
            "integrity": "sha1-8eiCSaAOJqqV6ak8UPcCQaihxLs=",
            "dev": true,
            "requires": {
                "@cspotcode/source-map-support": "0.6.1",
                "@tsconfig/node10": "^1.0.7",
                "@tsconfig/node12": "^1.0.7",
                "@tsconfig/node14": "^1.0.0",
                "@tsconfig/node16": "^1.0.2",
                "acorn": "^8.4.1",
                "acorn-walk": "^8.1.1",
                "arg": "^4.1.0",
                "create-require": "^1.1.0",
                "diff": "^4.0.1",
                "make-error": "^1.1.1",
                "yn": "3.1.1"
            }
        },
        "tslib": {
            "version": "2.3.1",
            "resolved": "https://registry.nlark.com/tslib/download/tslib-2.3.1.tgz",
            "integrity": "sha1-6KM1rdXOrlGqJh0ypJAVjvBC7wE=",
            "dev": true
        },
        "typescript": {
            "version": "4.3.5",
            "resolved": "https://registry.nlark.com/typescript/download/typescript-4.3.5.tgz",
            "integrity": "sha1-TRw3zBbok5c8RaBohrcRMjTxGfQ=",
            "dev": true
        },
        "yn": {
            "version": "3.1.1",
            "resolved": "https://registry.npm.taobao.org/yn/download/yn-3.1.1.tgz?cache=0&other_urls=https%3A%2F%2Fregistry.npm.taobao.org%2Fyn%2Fdownload%2Fyn-3.1.1.tgz",
            "integrity": "sha1-HodAGgnXZ8HV6rJqbkwYUYLS61A=",
            "dev": true
        }
    }
}
